// !$*UTF8*$!
{
	archiveVersion = 1;
	classes = {
	};
	objectVersion = 50;
	objects = {

/* Begin PBXBuildFile section */
		723217BC211B78670092A944 /* AppDelegate.swift in Sources */ = {isa = PBXBuildFile; fileRef = 723217BB211B78670092A944 /* AppDelegate.swift */; };
		723217BE211B78670092A944 /* ViewController.swift in Sources */ = {isa = PBXBuildFile; fileRef = 723217BD211B78670092A944 /* ViewController.swift */; };
		723217C1211B78670092A944 /* Main.storyboard in Resources */ = {isa = PBXBuildFile; fileRef = 723217BF211B78670092A944 /* Main.storyboard */; };
		723217C3211B78680092A944 /* Assets.xcassets in Resources */ = {isa = PBXBuildFile; fileRef = 723217C2211B78680092A944 /* Assets.xcassets */; };
		723217C6211B78680092A944 /* LaunchScreen.storyboard in Resources */ = {isa = PBXBuildFile; fileRef = 723217C4211B78680092A944 /* LaunchScreen.storyboard */; };
		723217D0211B78DA0092A944 /* MapKit.framework in Frameworks */ = {isa = PBXBuildFile; fileRef = 723217CF211B78DA0092A944 /* MapKit.framework */; };
		723217D2211B7A350092A944 /* Capital.swift in Sources */ = {isa = PBXBuildFile; fileRef = 723217D1211B7A350092A944 /* Capital.swift */; };
/* End PBXBuildFile section */

/* Begin PBXFileReference section */
		723217B8211B78670092A944 /* Capital cities.app */ = {isa = PBXFileReference; explicitFileType = wrapper.application; includeInIndex = 0; path = "Capital cities.app"; sourceTree = BUILT_PRODUCTS_DIR; };
		723217BB211B78670092A944 /* AppDelegate.swift */ = {isa = PBXFileReference; lastKnownFileType = sourcecode.swift; path = AppDelegate.swift; sourceTree = "<group>"; };
		723217BD211B78670092A944 /* ViewController.swift */ = {isa = PBXFileReference; lastKnownFileType = sourcecode.swift; path = ViewController.swift; sourceTree = "<group>"; };
		723217C0211B78670092A944 /* Base */ = {isa = PBXFileReference; lastKnownFileType = file.storyboard; name = Base; path = Base.lproj/Main.storyboard; sourceTree = "<group>"; };
		723217C2211B78680092A944 /* Assets.xcassets */ = {isa = PBXFileReference; lastKnownFileType = folder.assetcatalog; path = Assets.xcassets; sourceTree = "<group>"; };
		723217C5211B78680092A944 /* Base */ = {isa = PBXFileReference; lastKnownFileType = file.storyboard; name = Base; path = Base.lproj/LaunchScreen.storyboard; sourceTree = "<group>"; };
		723217C7211B78680092A944 /* Info.plist */ = {isa = PBXFileReference; lastKnownFileType = text.plist.xml; path = Info.plist; sourceTree = "<group>"; };
		723217CD211B78D30092A944 /* Capital cities.entitlements */ = {isa = PBXFileReference; lastKnownFileType = text.plist.entitlements; path = "Capital cities.entitlements"; sourceTree = "<group>"; };
		723217CF211B78DA0092A944 /* MapKit.framework */ = {isa = PBXFileReference; lastKnownFileType = wrapper.framework; name = MapKit.framework; path = System/Library/Frameworks/MapKit.framework; sourceTree = SDKROOT; };
		723217D1211B7A350092A944 /* Capital.swift */ = {isa = PBXFileReference; lastKnownFileType = sourcecode.swift; path = Capital.swift; sourceTree = "<group>"; };
/* End PBXFileReference section */

/* Begin PBXFrameworksBuildPhase section */
		723217B5211B78670092A944 /* Frameworks */ = {
			isa = PBXFrameworksBuildPhase;
			buildActionMask = 2147483647;
			files = (
				723217D0211B78DA0092A944 /* MapKit.framework in Frameworks */,
			);
			runOnlyForDeploymentPostprocessing = 0;
		};
/* End PBXFrameworksBuildPhase section */

/* Begin PBXGroup section */
		723217AF211B78670092A944 = {
			isa = PBXGroup;
			children = (
				723217BA211B78670092A944 /* Capital cities */,
				723217B9211B78670092A944 /* Products */,
				723217CE211B78DA0092A944 /* Frameworks */,
			);
			sourceTree = "<group>";
		};
		723217B9211B78670092A944 /* Products */ = {
			isa = PBXGroup;
			children = (
				723217B8211B78670092A944 /* Capital cities.app */,
			);
			name = Products;
			sourceTree = "<group>";
		};
		723217BA211B78670092A944 /* Capital cities */ = {
			isa = PBXGroup;
			children = (
				723217CD211B78D30092A944 /* Capital cities.entitlements */,
				723217BB211B78670092A944 /* AppDelegate.swift */,
				723217BD211B78670092A944 /* ViewController.swift */,
				723217BF211B78670092A944 /* Main.storyboard */,
				723217D1211B7A350092A944 /* Capital.swift */,
				723217C2211B78680092A944 /* Assets.xcassets */,
				723217C4211B78680092A944 /* LaunchScreen.storyboard */,
				723217C7211B78680092A944 /* Info.plist */,
			);
			path = "Capital cities";
			sourceTree = "<group>";
		};
		723217CE211B78DA0092A944 /* Frameworks */ = {
			isa = PBXGroup;
			children = (
				723217CF211B78DA0092A944 /* MapKit.framework */,
			);
			name = Frameworks;
			sourceTree = "<group>";
		};
/* End PBXGroup section */

/* Begin PBXNativeTarget section */
		723217B7211B78670092A944 /* Capital cities */ = {
			isa = PBXNativeTarget;
			buildConfigurationList = 723217CA211B78680092A944 /* Build configuration list for PBXNativeTarget "Capital cities" */;
			buildPhases = (
				723217B4211B78670092A944 /* Sources */,
				723217B5211B78670092A944 /* Frameworks */,
				723217B6211B78670092A944 /* Resources */,
			);
			buildRules = (
			);
			dependencies = (
			);
			name = "Capital cities";
			productName = "Capital cities";
			productReference = 723217B8211B78670092A944 /* Capital cities.app */;
			productType = "com.apple.product-type.application";
		};
/* End PBXNativeTarget section */

/* Begin PBXProject section */
		723217B0211B78670092A944 /* Project object */ = {
			isa = PBXProject;
			attributes = {
				LastSwiftUpdateCheck = 0940;
				LastUpgradeCheck = 0940;
				ORGANIZATIONNAME = "Артур Азаров";
				TargetAttributes = {
					723217B7211B78670092A944 = {
						CreatedOnToolsVersion = 9.4.1;
						SystemCapabilities = {
							com.apple.Maps.iOS = {
								enabled = 1;
							};
							com.apple.Push = {
								enabled = 1;
							};
						};
					};
				};
			};
			buildConfigurationList = 723217B3211B78670092A944 /* Build configuration list for PBXProject "Capital cities" */;
			compatibilityVersion = "Xcode 9.3";
			developmentRegion = en;
			hasScannedForEncodings = 0;
			knownRegions = (
				en,
				Base,
			);
			mainGroup = 723217AF211B78670092A944;
			productRefGroup = 723217B9211B78670092A944 /* Products */;
			projectDirPath = "";
			projectRoot = "";
			targets = (
				723217B7211B78670092A944 /* Capital cities */,
			);
		};
/* End PBXProject section */

/* Begin PBXResourcesBuildPhase section */
		723217B6211B78670092A944 /* Resources */ = {
			isa = PBXResourcesBuildPhase;
			buildActionMask = 2147483647;
			files = (
				723217C6211B78680092A944 /* LaunchScreen.storyboard in Resources */,
				723217C3211B78680092A944 /* Assets.xcassets in Resources */,
				723217C1211B78670092A944 /* Main.storyboard in Resources */,
			);
			runOnlyForDeploymentPostprocessing = 0;
		};
/* End PBXResourcesBuildPhase section */

/* Begin PBXSourcesBuildPhase section */
		723217B4211B78670092A944 /* Sources */ = {
			isa = PBXSourcesBuildPhase;
			buildActionMask = 2147483647;
			files = (
				723217BE211B78670092A944 /* ViewController.swift in Sources */,
				723217BC211B78670092A944 /* AppDelegate.swift in Sources */,
				723217D2211B7A350092A944 /* Capital.swift in Sources */,
			);
			runOnlyForDeploymentPostprocessing = 0;
		};
/* End PBXSourcesBuildPhase section */

/* Begin PBXVariantGroup section */
		723217BF211B78670092A944 /* Main.storyboard */ = {
			isa = PBXVariantGroup;
			children = (
				723217C0211B78670092A944 /* Base */,
			);
			name = Main.storyboard;
			sourceTree = "<group>";
		};
		723217C4211B78680092A944 /* LaunchScreen.storyboard */ = {
			isa = PBXVariantGroup;
			children = (
				723217C5211B78680092A944 /* Base */,
			);
			name = LaunchScreen.storyboard;
			sourceTree = "<group>";
		};
/* End PBXVariantGroup section */

/* Begin XCBuildConfiguration section */
		723217C8211B78680092A944 /* Debug */ = {
			isa = XCBuildConfiguration;
			buildSettings = {
				ALWAYS_SEARCH_USER_PATHS = NO;
				CLANG_ANALYZER_NONNULL = YES;
				CLANG_ANALYZER_NUMBER_OBJECT_CONVERSION = YES_AGGRESSIVE;
				CLANG_CXX_LANGUAGE_STANDARD = "gnu++14";
				CLANG_CXX_LIBRARY = "libc++";
				CLANG_ENABLE_MODULES = YES;
				CLANG_ENABLE_OBJC_ARC = YES;
				CLANG_ENABLE_OBJC_WEAK = YES;
				CLANG_WARN_BLOCK_CAPTURE_AUTORELEASING = YES;
				CLANG_WARN_BOOL_CONVERSION = YES;
				CLANG_WARN_COMMA = YES;
				CLANG_WARN_CONSTANT_CONVERSION = YES;
				CLANG_WARN_DEPRECATED_OBJC_IMPLEMENTATIONS = YES;
				CLANG_WARN_DIRECT_OBJC_ISA_USAGE = YES_ERROR;
				CLANG_WARN_DOCUMENTATION_COMMENTS = YES;
				CLANG_WARN_EMPTY_BODY = YES;
				CLANG_WARN_ENUM_CONVERSION = YES;
				CLANG_WARN_INFINITE_RECURSION = YES;
				CLANG_WARN_INT_CONVERSION = YES;
				CLANG_WARN_NON_LITERAL_NULL_CONVERSION = YES;
				CLANG_WARN_OBJC_IMPLICIT_RETAIN_SELF = YES;
				CLANG_WARN_OBJC_LITERAL_CONVERSION = YES;
				CLANG_WARN_OBJC_ROOT_CLASS = YES_ERROR;
				CLANG_WARN_RANGE_LOOP_ANALYSIS = YES;
				CLANG_WARN_STRICT_PROTOTYPES = YES;
				CLANG_WARN_SUSPICIOUS_MOVE = YES;
				CLANG_WARN_UNGUARDED_AVAILABILITY = YES_AGGRESSIVE;
				CLANG_WARN_UNREACHABLE_CODE = YES;
				CLANG_WARN__DUPLICATE_METHOD_MATCH = YES;
				CODE_SIGN_IDENTITY = "iPhone Developer";
				COPY_PHASE_STRIP = NO;
				DEBUG_INFORMATION_FORMAT = dwarf;
				ENABLE_STRICT_OBJC_MSGSEND = YES;
				ENABLE_TESTABILITY = YES;
				GCC_C_LANGUAGE_STANDARD = gnu11;
				GCC_DYNAMIC_NO_PIC = NO;
				GCC_NO_COMMON_BLOCKS = YES;
				GCC_OPTIMIZATION_LEVEL = 0;
				GCC_PREPROCESSOR_DEFINITIONS = (
					"DEBUG=1",
					"$(inherited)",
				);
				GCC_WARN_64_TO_32_BIT_CONVERSION = YES;
				GCC_WARN_ABOUT_RETURN_TYPE = YES_ERROR;
				GCC_WARN_UNDECLARED_SELECTOR = YES;
				GCC_WARN_UNINITIALIZED_AUTOS = YES_AGGRESSIVE;
				GCC_WARN_UNUSED_FUNCTION = YES;
				GCC_WARN_UNUSED_VARIABLE = YES;
				IPHONEOS_DEPLOYMENT_TARGET = 11.4;
				MTL_ENABLE_DEBUG_INFO = YES;
				ONLY_ACTIVE_ARCH = YES;
				SDKROOT = iphoneos;
				SWIFT_ACTIVE_COMPILATION_CONDITIONS = DEBUG;
				SWIFT_OPTIMIZATION_LEVEL = "-Onone";
			};
			name = Debug;
		};
		723217C9211B78680092A944 /* Release */ = {
			isa = XCBuildConfiguration;
			buildSettings = {
				ALWAYS_SEARCH_USER_PATHS = NO;
				CLANG_ANALYZER_NONNULL = YES;
				CLANG_ANALYZER_NUMBER_OBJECT_CONVERSION = YES_AGGRESSIVE;
				CLANG_CXX_LANGUAGE_STANDARD = "gnu++14";
				CLANG_CXX_LIBRARY = "libc++";
				CLANG_ENABLE_MODULES = YES;
				CLANG_ENABLE_OBJC_ARC = YES;
				CLANG_ENABLE_OBJC_WEAK = YES;
				CLANG_WARN_BLOCK_CAPTURE_AUTORELEASING = YES;
				CLANG_WARN_BOOL_CONVERSION = YES;
				CLANG_WARN_COMMA = YES;
				CLANG_WARN_CONSTANT_CONVERSION = YES;
				CLANG_WARN_DEPRECATED_OBJC_IMPLEMENTATIONS = YES;
				CLANG_WARN_DIRECT_OBJC_ISA_USAGE = YES_ERROR;
				CLANG_WARN_DOCUMENTATION_COMMENTS = YES;
				CLANG_WARN_EMPTY_BODY = YES;
				CLANG_WARN_ENUM_CONVERSION = YES;
				CLANG_WARN_INFINITE_RECURSION = YES;
				CLANG_WARN_INT_CONVERSION = YES;
				CLANG_WARN_NON_LITERAL_NULL_CONVERSION = YES;
				CLANG_WARN_OBJC_IMPLICIT_RETAIN_SELF = YES;
				CLANG_WARN_OBJC_LITERAL_CONVERSION = YES;
				CLANG_WARN_OBJC_ROOT_CLASS = YES_ERROR;
				CLANG_WARN_RANGE_LOOP_ANALYSIS = YES;
				CLANG_WARN_STRICT_PROTOTYPES = YES;
				CLANG_WARN_SUSPICIOUS_MOVE = YES;
				CLANG_WARN_UNGUARDED_AVAILABILITY = YES_AGGRESSIVE;
				CLANG_WARN_UNREACHABLE_CODE = YES;
				CLANG_WARN__DUPLICATE_METHOD_MATCH = YES;
				CODE_SIGN_IDENTITY = "iPhone Developer";
				COPY_PHASE_STRIP = NO;
				DEBUG_INFORMATION_FORMAT = "dwarf-with-dsym";
				ENABLE_NS_ASSERTIONS = NO;
				ENABLE_STRICT_OBJC_MSGSEND = YES;
				GCC_C_LANGUAGE_STANDARD = gnu11;
				GCC_NO_COMMON_BLOCKS = YES;
				GCC_WARN_64_TO_32_BIT_CONVERSION = YES;
				GCC_WARN_ABOUT_RETURN_TYPE = YES_ERROR;
				GCC_WARN_UNDECLARED_SELECTOR = YES;
				GCC_WARN_UNINITIALIZED_AUTOS = YES_AGGRESSIVE;
				GCC_WARN_UNUSED_FUNCTION = YES;
				GCC_WARN_UNUSED_VARIABLE = YES;
				IPHONEOS_DEPLOYMENT_TARGET = 11.4;
				MTL_ENABLE_DEBUG_INFO = NO;
				SDKROOT = iphoneos;
				SWIFT_COMPILATION_MODE = wholemodule;
				SWIFT_OPTIMIZATION_LEVEL = "-O";
				VALIDATE_PRODUCT = YES;
			};
			name = Release;
		};
		723217CB211B78680092A944 /* Debug */ = {
			isa = XCBuildConfiguration;
			buildSettings = {
				ASSETCATALOG_COMPILER_APPICON_NAME = AppIcon;
				CODE_SIGN_ENTITLEMENTS = "Capital cities/Capital cities.entitlements";
				CODE_SIGN_STYLE = Automatic;
				DEVELOPMENT_TEAM = 9YH3LZQ69V;
				INFOPLIST_FILE = "Capital cities/Info.plist";
				LD_RUNPATH_SEARCH_PATHS = (
					"$(inherited)",
					"@executable_path/Frameworks",
				);
				PRODUCT_BUNDLE_IDENTIFIER = "com.arturazarau.Capital-cities";
				PRODUCT_NAME = "$(TARGET_NAME)";
				SWIFT_VERSION = 4.0;
				TARGETED_DEVICE_FAMILY = "1,2";
			};
			name = Debug;
		};
		723217CC211B78680092A944 /* Release */ = {
			isa = XCBuildConfiguration;
			buildSettings = {
				ASSETCATALOG_COMPILER_APPICON_NAME = AppIcon;
				CODE_SIGN_ENTITLEMENTS = "Capital cities/Capital cities.entitlements";
				CODE_SIGN_STYLE = Automatic;
				DEVELOPMENT_TEAM = 9YH3LZQ69V;
				INFOPLIST_FILE = "Capital cities/Info.plist";
				LD_RUNPATH_SEARCH_PATHS = (
					"$(inherited)",
					"@executable_path/Frameworks",
				);
				PRODUCT_BUNDLE_IDENTIFIER = "com.arturazarau.Capital-cities";
				PRODUCT_NAME = "$(TARGET_NAME)";
				SWIFT_VERSION = 4.0;
				TARGETED_DEVICE_FAMILY = "1,2";
			};
			name = Release;
		};
/* End XCBuildConfiguration section */

/* Begin XCConfigurationList section */
		723217B3211B78670092A944 /* Build configuration list for PBXProject "Capital cities" */ = {
			isa = XCConfigurationList;
			buildConfigurations = (
				723217C8211B78680092A944 /* Debug */,
				723217C9211B78680092A944 /* Release */,
			);
			defaultConfigurationIsVisible = 0;
			defaultConfigurationName = Release;
		};
		723217CA211B78680092A944 /* Build configuration list for PBXNativeTarget "Capital cities" */ = {
			isa = XCConfigurationList;
			buildConfigurations = (
				723217CB211B78680092A944 /* Debug */,
				723217CC211B78680092A944 /* Release */,
			);
			defaultConfigurationIsVisible = 0;
			defaultConfigurationName = Release;
		};
/* End XCConfigurationList section */
	};
	rootObject = 723217B0211B78670092A944 /* Project object */;
}
